
Microsoft Visual Studio Solution File, Format Version 12.00
# Visual Studio Version 17
VisualStudioVersion = 17.8.34408.163
MinimumVisualStudioVersion = 10.0.40219.1
Project("{FAE04EC0-301F-11D3-BF4B-00C04F79EFBC}") = "Gemhunter2", "Gemhunter2.csproj", "{10A91FC3-5FE9-447A-B54A-D44194983ABA}"
EndProject
Global
	GlobalSection(SolutionConfigurationPlatforms) = preSolution
		Debug|Any CPU = Debug|Any CPU
		Release|Any CPU = Release|Any CPU
	EndGlobalSection
	GlobalSection(ProjectConfigurationPlatforms) = postSolution
		{10A91FC3-5FE9-447A-B54A-D44194983ABA}.Debug|Any CPU.ActiveCfg = Debug|Any CPU
		{10A91FC3-5FE9-447A-B54A-D44194983ABA}.Debug|Any CPU.Build.0 = Debug|Any CPU
		{10A91FC3-5FE9-447A-B54A-D44194983ABA}.Release|Any CPU.ActiveCfg = Release|Any CPU
		{10A91FC3-5FE9-447A-B54A-D44194983ABA}.Release|Any CPU.Build.0 = Release|Any CPU
	EndGlobalSection
	GlobalSection(SolutionProperties) = preSolution
		HideSolutionNode = FALSE
	EndGlobalSection
	GlobalSection(ExtensibilityGlobals) = postSolution
		SolutionGuid = {EA626C46-EEDB-4D20-8171-803C789B087A}
	EndGlobalSection
EndGlobal
